
Microsoft Visual Studio Solution File, Format Version 12.00
# Visual Studio Version 16
VisualStudioVersion = 16.0.29424.173
MinimumVisualStudioVersion = 10.0.40219.1
Project("{8BC9CEB8-8B4A-11D0-8D11-00A0C91BC942}") = "OpenGL", "Laba1.vcxproj", "{93699C04-A7CB-4BCB-A8B1-AC1D78A45C8F}"
EndProject
Global
	GlobalSection(SolutionConfigurationPlatforms) = preSolution
		Debug|x64 = Debug|x64
		Debug|x86 = Debug|x86
		Release|x64 = Release|x64
		Release|x86 = Release|x86
	EndGlobalSection
	GlobalSection(ProjectConfigurationPlatforms) = postSolution
		{93699C04-A7CB-4BCB-A8B1-AC1D78A45C8F}.Debug|x64.ActiveCfg = Debug|x64
		{93699C04-A7CB-4BCB-A8B1-AC1D78A45C8F}.Debug|x64.Build.0 = Debug|x64
		{93699C04-A7CB-4BCB-A8B1-AC1D78A45C8F}.Debug|x86.ActiveCfg = Debug|Win32
		{93699C04-A7CB-4BCB-A8B1-AC1D78A45C8F}.Debug|x86.Build.0 = Debug|Win32
		{93699C04-A7CB-4BCB-A8B1-AC1D78A45C8F}.Release|x64.ActiveCfg = Release|x64
		{93699C04-A7CB-4BCB-A8B1-AC1D78A45C8F}.Release|x64.Build.0 = Release|x64
		{93699C04-A7CB-4BCB-A8B1-AC1D78A45C8F}.Release|x86.ActiveCfg = Release|Win32
		{93699C04-A7CB-4BCB-A8B1-AC1D78A45C8F}.Release|x86.Build.0 = Release|Win32
	EndGlobalSection
	GlobalSection(SolutionProperties) = preSolution
		HideSolutionNode = FALSE
	EndGlobalSection
	GlobalSection(ExtensibilityGlobals) = postSolution
		SolutionGuid = {E490FF2C-7CA4-4226-83C3-8C8AE53F5F6C}
	EndGlobalSection
EndGlobal
